// !$*UTF8*$!
{
	archiveVersion = 1;
	classes = {
	};
	objectVersion = 55;
	objects = {

/* Begin PBXBuildFile section */
		421219D6287697DD00028502 /* RecipeTabView.swift in Sources */ = {isa = PBXBuildFile; fileRef = 421219D5287697DD00028502 /* RecipeTabView.swift */; };
		4228A08D287469220090FDDB /* RecipeDetailView.swift in Sources */ = {isa = PBXBuildFile; fileRef = 4228A08C287469220090FDDB /* RecipeDetailView.swift */; };
		4250359428742C55009C70A0 /* RecipeListIOSApp.swift in Sources */ = {isa = PBXBuildFile; fileRef = 4250359328742C55009C70A0 /* RecipeListIOSApp.swift */; };
		4250359628742C55009C70A0 /* RecipeListView.swift in Sources */ = {isa = PBXBuildFile; fileRef = 4250359528742C55009C70A0 /* RecipeListView.swift */; };
		4250359828742C56009C70A0 /* Assets.xcassets in Resources */ = {isa = PBXBuildFile; fileRef = 4250359728742C56009C70A0 /* Assets.xcassets */; };
		4250359B28742C56009C70A0 /* Preview Assets.xcassets in Resources */ = {isa = PBXBuildFile; fileRef = 4250359A28742C56009C70A0 /* Preview Assets.xcassets */; };
		425035A728742CC3009C70A0 /* recipes.json in Resources */ = {isa = PBXBuildFile; fileRef = 425035A628742CC3009C70A0 /* recipes.json */; };
		425035A928742CE4009C70A0 /* recipeLogic.swift in Sources */ = {isa = PBXBuildFile; fileRef = 425035A828742CE4009C70A0 /* recipeLogic.swift */; };
		425035AB28742CF8009C70A0 /* recipeStructure.swift in Sources */ = {isa = PBXBuildFile; fileRef = 425035AA28742CF8009C70A0 /* recipeStructure.swift */; };
		425035AD28742E3F009C70A0 /* DataService.swift in Sources */ = {isa = PBXBuildFile; fileRef = 425035AC28742E3F009C70A0 /* DataService.swift */; };
/* End PBXBuildFile section */

/* Begin PBXFileReference section */
		421219D5287697DD00028502 /* RecipeTabView.swift */ = {isa = PBXFileReference; lastKnownFileType = sourcecode.swift; path = RecipeTabView.swift; sourceTree = "<group>"; };
		4228A08C287469220090FDDB /* RecipeDetailView.swift */ = {isa = PBXFileReference; lastKnownFileType = sourcecode.swift; path = RecipeDetailView.swift; sourceTree = "<group>"; };
		4250359028742C55009C70A0 /* RecipeListIOS.app */ = {isa = PBXFileReference; explicitFileType = wrapper.application; includeInIndex = 0; path = RecipeListIOS.app; sourceTree = BUILT_PRODUCTS_DIR; };
		4250359328742C55009C70A0 /* RecipeListIOSApp.swift */ = {isa = PBXFileReference; lastKnownFileType = sourcecode.swift; path = RecipeListIOSApp.swift; sourceTree = "<group>"; };
		4250359528742C55009C70A0 /* RecipeListView.swift */ = {isa = PBXFileReference; lastKnownFileType = sourcecode.swift; path = RecipeListView.swift; sourceTree = "<group>"; };
		4250359728742C56009C70A0 /* Assets.xcassets */ = {isa = PBXFileReference; lastKnownFileType = folder.assetcatalog; path = Assets.xcassets; sourceTree = "<group>"; };
		4250359A28742C56009C70A0 /* Preview Assets.xcassets */ = {isa = PBXFileReference; lastKnownFileType = folder.assetcatalog; path = "Preview Assets.xcassets"; sourceTree = "<group>"; };
		425035A628742CC3009C70A0 /* recipes.json */ = {isa = PBXFileReference; fileEncoding = 4; lastKnownFileType = text.json; path = recipes.json; sourceTree = "<group>"; };
		425035A828742CE4009C70A0 /* recipeLogic.swift */ = {isa = PBXFileReference; lastKnownFileType = sourcecode.swift; path = recipeLogic.swift; sourceTree = "<group>"; };
		425035AA28742CF8009C70A0 /* recipeStructure.swift */ = {isa = PBXFileReference; lastKnownFileType = sourcecode.swift; path = recipeStructure.swift; sourceTree = "<group>"; };
		425035AC28742E3F009C70A0 /* DataService.swift */ = {isa = PBXFileReference; lastKnownFileType = sourcecode.swift; path = DataService.swift; sourceTree = "<group>"; };
/* End PBXFileReference section */

/* Begin PBXFrameworksBuildPhase section */
		4250358D28742C55009C70A0 /* Frameworks */ = {
			isa = PBXFrameworksBuildPhase;
			buildActionMask = 2147483647;
			files = (
			);
			runOnlyForDeploymentPostprocessing = 0;
		};
/* End PBXFrameworksBuildPhase section */

/* Begin PBXGroup section */
		4250358728742C55009C70A0 = {
			isa = PBXGroup;
			children = (
				4250359228742C55009C70A0 /* RecipeListIOS */,
				4250359128742C55009C70A0 /* Products */,
			);
			sourceTree = "<group>";
		};
		4250359128742C55009C70A0 /* Products */ = {
			isa = PBXGroup;
			children = (
				4250359028742C55009C70A0 /* RecipeListIOS.app */,
			);
			name = Products;
			sourceTree = "<group>";
		};
		4250359228742C55009C70A0 /* RecipeListIOS */ = {
			isa = PBXGroup;
			children = (
				4250359328742C55009C70A0 /* RecipeListIOSApp.swift */,
				425035A328742C67009C70A0 /* Logic */,
				425035A428742C70009C70A0 /* Structures */,
				425035A228742C62009C70A0 /* Services */,
				425035A128742C5C009C70A0 /* Data */,
				425035A528742C88009C70A0 /* View */,
				4250359728742C56009C70A0 /* Assets.xcassets */,
				4250359928742C56009C70A0 /* Preview Content */,
			);
			path = RecipeListIOS;
			sourceTree = "<group>";
		};
		4250359928742C56009C70A0 /* Preview Content */ = {
			isa = PBXGroup;
			children = (
				4250359A28742C56009C70A0 /* Preview Assets.xcassets */,
			);
			path = "Preview Content";
			sourceTree = "<group>";
		};
		425035A128742C5C009C70A0 /* Data */ = {
			isa = PBXGroup;
			children = (
				425035A628742CC3009C70A0 /* recipes.json */,
			);
			path = Data;
			sourceTree = "<group>";
		};
		425035A228742C62009C70A0 /* Services */ = {
			isa = PBXGroup;
			children = (
				425035AC28742E3F009C70A0 /* DataService.swift */,
			);
			path = Services;
			sourceTree = "<group>";
		};
		425035A328742C67009C70A0 /* Logic */ = {
			isa = PBXGroup;
			children = (
				425035A828742CE4009C70A0 /* recipeLogic.swift */,
			);
			path = Logic;
			sourceTree = "<group>";
		};
		425035A428742C70009C70A0 /* Structures */ = {
			isa = PBXGroup;
			children = (
				425035AA28742CF8009C70A0 /* recipeStructure.swift */,
			);
			path = Structures;
			sourceTree = "<group>";
		};
		425035A528742C88009C70A0 /* View */ = {
			isa = PBXGroup;
			children = (
				4250359528742C55009C70A0 /* RecipeListView.swift */,
				4228A08C287469220090FDDB /* RecipeDetailView.swift */,
				421219D5287697DD00028502 /* RecipeTabView.swift */,
			);
			path = View;
			sourceTree = "<group>";
		};
/* End PBXGroup section */

/* Begin PBXNativeTarget section */
		4250358F28742C55009C70A0 /* RecipeListIOS */ = {
			isa = PBXNativeTarget;
			buildConfigurationList = 4250359E28742C56009C70A0 /* Build configuration list for PBXNativeTarget "RecipeListIOS" */;
			buildPhases = (
				4250358C28742C55009C70A0 /* Sources */,
				4250358D28742C55009C70A0 /* Frameworks */,
				4250358E28742C55009C70A0 /* Resources */,
			);
			buildRules = (
			);
			dependencies = (
			);
			name = RecipeListIOS;
			productName = RecipeListIOS;
			productReference = 4250359028742C55009C70A0 /* RecipeListIOS.app */;
			productType = "com.apple.product-type.application";
		};
/* End PBXNativeTarget section */

/* Begin PBXProject section */
		4250358828742C55009C70A0 /* Project object */ = {
			isa = PBXProject;
			attributes = {
				BuildIndependentTargetsInParallel = 1;
				LastSwiftUpdateCheck = 1340;
				LastUpgradeCheck = 1340;
				TargetAttributes = {
					4250358F28742C55009C70A0 = {
						CreatedOnToolsVersion = 13.4.1;
					};
				};
			};
			buildConfigurationList = 4250358B28742C55009C70A0 /* Build configuration list for PBXProject "RecipeListIOS" */;
			compatibilityVersion = "Xcode 13.0";
			developmentRegion = en;
			hasScannedForEncodings = 0;
			knownRegions = (
				en,
				Base,
			);
			mainGroup = 4250358728742C55009C70A0;
			productRefGroup = 4250359128742C55009C70A0 /* Products */;
			projectDirPath = "";
			projectRoot = "";
			targets = (
				4250358F28742C55009C70A0 /* RecipeListIOS */,
			);
		};
/* End PBXProject section */

/* Begin PBXResourcesBuildPhase section */
		4250358E28742C55009C70A0 /* Resources */ = {
			isa = PBXResourcesBuildPhase;
			buildActionMask = 2147483647;
			files = (
				4250359B28742C56009C70A0 /* Preview Assets.xcassets in Resources */,
				425035A728742CC3009C70A0 /* recipes.json in Resources */,
				4250359828742C56009C70A0 /* Assets.xcassets in Resources */,
			);
			runOnlyForDeploymentPostprocessing = 0;
		};
/* End PBXResourcesBuildPhase section */

/* Begin PBXSourcesBuildPhase section */
		4250358C28742C55009C70A0 /* Sources */ = {
			isa = PBXSourcesBuildPhase;
			buildActionMask = 2147483647;
			files = (
				425035A928742CE4009C70A0 /* recipeLogic.swift in Sources */,
				4228A08D287469220090FDDB /* RecipeDetailView.swift in Sources */,
				425035AB28742CF8009C70A0 /* recipeStructure.swift in Sources */,
				4250359628742C55009C70A0 /* RecipeListView.swift in Sources */,
				4250359428742C55009C70A0 /* RecipeListIOSApp.swift in Sources */,
				425035AD28742E3F009C70A0 /* DataService.swift in Sources */,
				421219D6287697DD00028502 /* RecipeTabView.swift in Sources */,
			);
			runOnlyForDeploymentPostprocessing = 0;
		};
/* End PBXSourcesBuildPhase section */

/* Begin XCBuildConfiguration section */
		4250359C28742C56009C70A0 /* Debug */ = {
			isa = XCBuildConfiguration;
			buildSettings = {
				ALWAYS_SEARCH_USER_PATHS = NO;
				CLANG_ANALYZER_NONNULL = YES;
				CLANG_ANALYZER_NUMBER_OBJECT_CONVERSION = YES_AGGRESSIVE;
				CLANG_CXX_LANGUAGE_STANDARD = "gnu++17";
				CLANG_ENABLE_MODULES = YES;
				CLANG_ENABLE_OBJC_ARC = YES;
				CLANG_ENABLE_OBJC_WEAK = YES;
				CLANG_WARN_BLOCK_CAPTURE_AUTORELEASING = YES;
				CLANG_WARN_BOOL_CONVERSION = YES;
				CLANG_WARN_COMMA = YES;
				CLANG_WARN_CONSTANT_CONVERSION = YES;
				CLANG_WARN_DEPRECATED_OBJC_IMPLEMENTATIONS = YES;
				CLANG_WARN_DIRECT_OBJC_ISA_USAGE = YES_ERROR;
				CLANG_WARN_DOCUMENTATION_COMMENTS = YES;
				CLANG_WARN_EMPTY_BODY = YES;
				CLANG_WARN_ENUM_CONVERSION = YES;
				CLANG_WARN_INFINITE_RECURSION = YES;
				CLANG_WARN_INT_CONVERSION = YES;
				CLANG_WARN_NON_LITERAL_NULL_CONVERSION = YES;
				CLANG_WARN_OBJC_IMPLICIT_RETAIN_SELF = YES;
				CLANG_WARN_OBJC_LITERAL_CONVERSION = YES;
				CLANG_WARN_OBJC_ROOT_CLASS = YES_ERROR;
				CLANG_WARN_QUOTED_INCLUDE_IN_FRAMEWORK_HEADER = YES;
				CLANG_WARN_RANGE_LOOP_ANALYSIS = YES;
				CLANG_WARN_STRICT_PROTOTYPES = YES;
				CLANG_WARN_SUSPICIOUS_MOVE = YES;
				CLANG_WARN_UNGUARDED_AVAILABILITY = YES_AGGRESSIVE;
				CLANG_WARN_UNREACHABLE_CODE = YES;
				CLANG_WARN__DUPLICATE_METHOD_MATCH = YES;
				COPY_PHASE_STRIP = NO;
				DEBUG_INFORMATION_FORMAT = dwarf;
				ENABLE_STRICT_OBJC_MSGSEND = YES;
				ENABLE_TESTABILITY = YES;
				GCC_C_LANGUAGE_STANDARD = gnu11;
				GCC_DYNAMIC_NO_PIC = NO;
				GCC_NO_COMMON_BLOCKS = YES;
				GCC_OPTIMIZATION_LEVEL = 0;
				GCC_PREPROCESSOR_DEFINITIONS = (
					"DEBUG=1",
					"$(inherited)",
				);
				GCC_WARN_64_TO_32_BIT_CONVERSION = YES;
				GCC_WARN_ABOUT_RETURN_TYPE = YES_ERROR;
				GCC_WARN_UNDECLARED_SELECTOR = YES;
				GCC_WARN_UNINITIALIZED_AUTOS = YES_AGGRESSIVE;
				GCC_WARN_UNUSED_FUNCTION = YES;
				GCC_WARN_UNUSED_VARIABLE = YES;
				IPHONEOS_DEPLOYMENT_TARGET = 15.5;
				MTL_ENABLE_DEBUG_INFO = INCLUDE_SOURCE;
				MTL_FAST_MATH = YES;
				ONLY_ACTIVE_ARCH = YES;
				SDKROOT = iphoneos;
				SWIFT_ACTIVE_COMPILATION_CONDITIONS = DEBUG;
				SWIFT_OPTIMIZATION_LEVEL = "-Onone";
			};
			name = Debug;
		};
		4250359D28742C56009C70A0 /* Release */ = {
			isa = XCBuildConfiguration;
			buildSettings = {
				ALWAYS_SEARCH_USER_PATHS = NO;
				CLANG_ANALYZER_NONNULL = YES;
				CLANG_ANALYZER_NUMBER_OBJECT_CONVERSION = YES_AGGRESSIVE;
				CLANG_CXX_LANGUAGE_STANDARD = "gnu++17";
				CLANG_ENABLE_MODULES = YES;
				CLANG_ENABLE_OBJC_ARC = YES;
				CLANG_ENABLE_OBJC_WEAK = YES;
				CLANG_WARN_BLOCK_CAPTURE_AUTORELEASING = YES;
				CLANG_WARN_BOOL_CONVERSION = YES;
				CLANG_WARN_COMMA = YES;
				CLANG_WARN_CONSTANT_CONVERSION = YES;
				CLANG_WARN_DEPRECATED_OBJC_IMPLEMENTATIONS = YES;
				CLANG_WARN_DIRECT_OBJC_ISA_USAGE = YES_ERROR;
				CLANG_WARN_DOCUMENTATION_COMMENTS = YES;
				CLANG_WARN_EMPTY_BODY = YES;
				CLANG_WARN_ENUM_CONVERSION = YES;
				CLANG_WARN_INFINITE_RECURSION = YES;
				CLANG_WARN_INT_CONVERSION = YES;
				CLANG_WARN_NON_LITERAL_NULL_CONVERSION = YES;
				CLANG_WARN_OBJC_IMPLICIT_RETAIN_SELF = YES;
				CLANG_WARN_OBJC_LITERAL_CONVERSION = YES;
				CLANG_WARN_OBJC_ROOT_CLASS = YES_ERROR;
				CLANG_WARN_QUOTED_INCLUDE_IN_FRAMEWORK_HEADER = YES;
				CLANG_WARN_RANGE_LOOP_ANALYSIS = YES;
				CLANG_WARN_STRICT_PROTOTYPES = YES;
				CLANG_WARN_SUSPICIOUS_MOVE = YES;
				CLANG_WARN_UNGUARDED_AVAILABILITY = YES_AGGRESSIVE;
				CLANG_WARN_UNREACHABLE_CODE = YES;
				CLANG_WARN__DUPLICATE_METHOD_MATCH = YES;
				COPY_PHASE_STRIP = NO;
				DEBUG_INFORMATION_FORMAT = "dwarf-with-dsym";
				ENABLE_NS_ASSERTIONS = NO;
				ENABLE_STRICT_OBJC_MSGSEND = YES;
				GCC_C_LANGUAGE_STANDARD = gnu11;
				GCC_NO_COMMON_BLOCKS = YES;
				GCC_WARN_64_TO_32_BIT_CONVERSION = YES;
				GCC_WARN_ABOUT_RETURN_TYPE = YES_ERROR;
				GCC_WARN_UNDECLARED_SELECTOR = YES;
				GCC_WARN_UNINITIALIZED_AUTOS = YES_AGGRESSIVE;
				GCC_WARN_UNUSED_FUNCTION = YES;
				GCC_WARN_UNUSED_VARIABLE = YES;
				IPHONEOS_DEPLOYMENT_TARGET = 15.5;
				MTL_ENABLE_DEBUG_INFO = NO;
				MTL_FAST_MATH = YES;
				SDKROOT = iphoneos;
				SWIFT_COMPILATION_MODE = wholemodule;
				SWIFT_OPTIMIZATION_LEVEL = "-O";
				VALIDATE_PRODUCT = YES;
			};
			name = Release;
		};
		4250359F28742C56009C70A0 /* Debug */ = {
			isa = XCBuildConfiguration;
			buildSettings = {
				ASSETCATALOG_COMPILER_APPICON_NAME = AppIcon;
				ASSETCATALOG_COMPILER_GLOBAL_ACCENT_COLOR_NAME = AccentColor;
				CODE_SIGN_STYLE = Automatic;
				CURRENT_PROJECT_VERSION = 1;
				DEVELOPMENT_ASSET_PATHS = "\"RecipeListIOS/Preview Content\"";
				DEVELOPMENT_TEAM = 8N2FBNHN38;
				ENABLE_PREVIEWS = YES;
				GENERATE_INFOPLIST_FILE = YES;
				INFOPLIST_KEY_UIApplicationSceneManifest_Generation = YES;
				INFOPLIST_KEY_UIApplicationSupportsIndirectInputEvents = YES;
				INFOPLIST_KEY_UILaunchScreen_Generation = YES;
				INFOPLIST_KEY_UISupportedInterfaceOrientations_iPad = "UIInterfaceOrientationPortrait UIInterfaceOrientationPortraitUpsideDown UIInterfaceOrientationLandscapeLeft UIInterfaceOrientationLandscapeRight";
				INFOPLIST_KEY_UISupportedInterfaceOrientations_iPhone = "UIInterfaceOrientationPortrait UIInterfaceOrientationLandscapeLeft UIInterfaceOrientationLandscapeRight";
				LD_RUNPATH_SEARCH_PATHS = (
					"$(inherited)",
					"@executable_path/Frameworks",
				);
				MARKETING_VERSION = 1.0;
				PRODUCT_BUNDLE_IDENTIFIER = osverfernandez.RecipeListIOS;
				PRODUCT_NAME = "$(TARGET_NAME)";
				SWIFT_EMIT_LOC_STRINGS = YES;
				SWIFT_VERSION = 5.0;
				TARGETED_DEVICE_FAMILY = "1,2";
			};
			name = Debug;
		};
		425035A028742C56009C70A0 /* Release */ = {
			isa = XCBuildConfiguration;
			buildSettings = {
				ASSETCATALOG_COMPILER_APPICON_NAME = AppIcon;
				ASSETCATALOG_COMPILER_GLOBAL_ACCENT_COLOR_NAME = AccentColor;
				CODE_SIGN_STYLE = Automatic;
				CURRENT_PROJECT_VERSION = 1;
				DEVELOPMENT_ASSET_PATHS = "\"RecipeListIOS/Preview Content\"";
				DEVELOPMENT_TEAM = 8N2FBNHN38;
				ENABLE_PREVIEWS = YES;
				GENERATE_INFOPLIST_FILE = YES;
				INFOPLIST_KEY_UIApplicationSceneManifest_Generation = YES;
				INFOPLIST_KEY_UIApplicationSupportsIndirectInputEvents = YES;
				INFOPLIST_KEY_UILaunchScreen_Generation = YES;
				INFOPLIST_KEY_UISupportedInterfaceOrientations_iPad = "UIInterfaceOrientationPortrait UIInterfaceOrientationPortraitUpsideDown UIInterfaceOrientationLandscapeLeft UIInterfaceOrientationLandscapeRight";
				INFOPLIST_KEY_UISupportedInterfaceOrientations_iPhone = "UIInterfaceOrientationPortrait UIInterfaceOrientationLandscapeLeft UIInterfaceOrientationLandscapeRight";
				LD_RUNPATH_SEARCH_PATHS = (
					"$(inherited)",
					"@executable_path/Frameworks",
				);
				MARKETING_VERSION = 1.0;
				PRODUCT_BUNDLE_IDENTIFIER = osverfernandez.RecipeListIOS;
				PRODUCT_NAME = "$(TARGET_NAME)";
				SWIFT_EMIT_LOC_STRINGS = YES;
				SWIFT_VERSION = 5.0;
				TARGETED_DEVICE_FAMILY = "1,2";
			};
			name = Release;
		};
/* End XCBuildConfiguration section */

/* Begin XCConfigurationList section */
		4250358B28742C55009C70A0 /* Build configuration list for PBXProject "RecipeListIOS" */ = {
			isa = XCConfigurationList;
			buildConfigurations = (
				4250359C28742C56009C70A0 /* Debug */,
				4250359D28742C56009C70A0 /* Release */,
			);
			defaultConfigurationIsVisible = 0;
			defaultConfigurationName = Release;
		};
		4250359E28742C56009C70A0 /* Build configuration list for PBXNativeTarget "RecipeListIOS" */ = {
			isa = XCConfigurationList;
			buildConfigurations = (
				4250359F28742C56009C70A0 /* Debug */,
				425035A028742C56009C70A0 /* Release */,
			);
			defaultConfigurationIsVisible = 0;
			defaultConfigurationName = Release;
		};
/* End XCConfigurationList section */
	};
	rootObject = 4250358828742C55009C70A0 /* Project object */;
}
